// !$*UTF8*$!
{
	archiveVersion = 1;
	classes = {
	};
	objectVersion = 46;
	objects = {
/* Begin PBXBuildFile section */
		0207DA581B56EA530066E2B4 /* Images.xcassets in Resources */ = {isa = PBXBuildFile; fileRef = 0207DA571B56EA530066E2B4 /* Images.xcassets */; };
		1D3623260D0F684500981E51 /* AppDelegate.m in Sources */ = {isa = PBXBuildFile; fileRef = 1D3623250D0F684500981E51 /* AppDelegate.m */; };
		1D60589B0D05DD56006BFB54 /* main.m in Sources */ = {isa = PBXBuildFile; fileRef = 29B97316FDCFA39411CA2CEA /* main.m */; };
		301BF552109A68D80062928A /* libCordova.a in Frameworks */ = {isa = PBXBuildFile; fileRef = 301BF535109A57CC0062928A /* libCordova.a */; };
		302D95F114D2391D003F00A1 /* MainViewController.m in Sources */ = {isa = PBXBuildFile; fileRef = 302D95EF14D2391D003F00A1 /* MainViewController.m */; };
		302D95F214D2391D003F00A1 /* MainViewController.xib in Resources */ = {isa = PBXBuildFile; fileRef = 302D95F014D2391D003F00A1 /* MainViewController.xib */; };
		3047A5121AB8059700498E2A /* build-debug.xcconfig in Resources */ = {isa = PBXBuildFile; fileRef = 3047A50F1AB8059700498E2A /* build-debug.xcconfig */; };
		3047A5131AB8059700498E2A /* build-release.xcconfig in Resources */ = {isa = PBXBuildFile; fileRef = 3047A5101AB8059700498E2A /* build-release.xcconfig */; };
		3047A5141AB8059700498E2A /* build.xcconfig in Resources */ = {isa = PBXBuildFile; fileRef = 3047A5111AB8059700498E2A /* build.xcconfig */; };
		6AFF5BF91D6E424B00AB3073 /* CDVLaunchScreen.storyboard in Resources */ = {isa = PBXBuildFile; fileRef = 6AFF5BF81D6E424B00AB3073 /* CDVLaunchScreen.storyboard */; };
		4200534479E44D20825BCEDD /* SOSPicker.m in Sources */ = {isa = PBXBuildFile; fileRef = 360999DBC9034337900045A8 /* SOSPicker.m */; };
		0FF04C9109A844A09C56200C /* UIImage+fixOrientation.m in Sources */ = {isa = PBXBuildFile; fileRef = 722B025BF9A04365897EE14E /* UIImage+fixOrientation.m */; };
		7E445D1434134417A15E4127 /* GMAlbumsViewCell.m in Sources */ = {isa = PBXBuildFile; fileRef = 23A2D8B580F9414BAD8F70C9 /* GMAlbumsViewCell.m */; };
		5C3CC552E4414DECBDFB6071 /* GMAlbumsViewController.m in Sources */ = {isa = PBXBuildFile; fileRef = 02493EC93AF643B88EE95393 /* GMAlbumsViewController.m */; };
		77841A0FDF5F43478A9580FF /* GMFetchItem.m in Sources */ = {isa = PBXBuildFile; fileRef = CB11D56CA9F2499683A39D9E /* GMFetchItem.m */; };
		D54A9F592D2C4A91892F1C18 /* GMGridViewCell.m in Sources */ = {isa = PBXBuildFile; fileRef = 5C0A968398184B9A80279D86 /* GMGridViewCell.m */; };
		DB3E2EF7145A4C2EAF247881 /* GMGridViewController.m in Sources */ = {isa = PBXBuildFile; fileRef = 48061EAC93FB4D1CAFA2594E /* GMGridViewController.m */; };
		6B29265AFAEF4C72930CF77D /* GMImagePickerController.m in Sources */ = {isa = PBXBuildFile; fileRef = BDC05654F63248A3820DE890 /* GMImagePickerController.m */; };
		C90BEA92C47549FB854303C8 /* PSYBlockTimer.m in Sources */ = {isa = PBXBuildFile; fileRef = 16A2BC9F445244B9B2598BD3 /* PSYBlockTimer.m */; };
		BC1ADB2C65F847A1A7FD46AF /* GMPHAsset.m in Sources */ = {isa = PBXBuildFile; fileRef = 81E9DAA055034D0FA95734F2 /* GMPHAsset.m */; };
		D40942AB74D84FBF91B54F3E /* GMEmptyFolder@1x.png in Resources */ = {isa = PBXBuildFile; fileRef = 4A6191A2B56F4E9392B571FC /* GMEmptyFolder@1x.png */; };
		71B1C42CD78F4F589BE7A3AA /* GMEmptyFolder@2x.png in Resources */ = {isa = PBXBuildFile; fileRef = 80535BC216274839A55B594F /* GMEmptyFolder@2x.png */; };
		236C96B6DC694D499DC59F6C /* GMSelected.png in Resources */ = {isa = PBXBuildFile; fileRef = 5BDC805971AA4AABBD0996DF /* GMSelected.png */; };
		E79207C6B86A4320B24BD0DE /* GMSelected@2x.png in Resources */ = {isa = PBXBuildFile; fileRef = DEF038B235C047DF8DEAC07A /* GMSelected@2x.png */; };
		4B840347D659490A9C708E87 /* GMVideoIcon.png in Resources */ = {isa = PBXBuildFile; fileRef = CF27F49C06E245B98DDC0BEA /* GMVideoIcon.png */; };
		DF28C884D1294074854F24D0 /* GMVideoIcon@2x.png in Resources */ = {isa = PBXBuildFile; fileRef = 6504B232EC7B449DAD3E2FB8 /* GMVideoIcon@2x.png */; };
		22612F173AD1485AA4412C14 /* ca.lproj in Resources */ = {isa = PBXBuildFile; fileRef = 9A7553DBE6094514B0934A97 /* ca.lproj */; };
		263A0472B77E415EAD68BC04 /* de.lproj in Resources */ = {isa = PBXBuildFile; fileRef = FFA1A2189CBA44CBA7B5F2A8 /* de.lproj */; };
		8B94210993A14434BDA6C9EC /* en.lproj in Resources */ = {isa = PBXBuildFile; fileRef = 51D0446DDD3643B6B73B2025 /* en.lproj */; };
		4B329C50CCEC491B85B6A362 /* es.lproj in Resources */ = {isa = PBXBuildFile; fileRef = 1DBE0BA2366047ECA9631FB7 /* es.lproj */; };
		404BA532D6B744ABAB1360BE /* fr.lproj in Resources */ = {isa = PBXBuildFile; fileRef = E750D2BF443749DA8E6DB46E /* fr.lproj */; };
		F5C12A52D1C24F83BA8136FC /* it.lproj in Resources */ = {isa = PBXBuildFile; fileRef = 1082AF7B6EC7441E91C5D18C /* it.lproj */; };
		E2A479FCC4C54143A3A002A2 /* pt.lproj in Resources */ = {isa = PBXBuildFile; fileRef = C3867803746F4D7E8627851F /* pt.lproj */; };
		DD527D48749A4799987474EA /* pl.lproj in Resources */ = {isa = PBXBuildFile; fileRef = 18370D3A035F4FC5B85C69DD /* pl.lproj */; };
		8DAB264648C74CFBBD4EA29E /* zh-Hans.lproj in Resources */ = {isa = PBXBuildFile; fileRef = 5819D08847C34B449B7EE27C /* zh-Hans.lproj */; };
		1A191443A8AA46808F7E7F01 /* Accelerate.framework in Frameworks */ = {isa = PBXBuildFile; fileRef = B7CB56C39B10473EB5AF7A3D /* Accelerate.framework */; };
		268F26001FEA4B4385174BC8 /* Security.framework in Frameworks */ = {isa = PBXBuildFile; fileRef = 162D919790314C64B8AB57CC /* Security.framework */; };
		74719B209D464AE080513FB0 /* Photos.framework in Frameworks */ = {isa = PBXBuildFile; fileRef = BB14FFDCDE4542C5AFAE65FB /* Photos.framework */; };
		53A58B83207D43DC92F5C57B /* SystemConfiguration.framework in Frameworks */ = {isa = PBXBuildFile; fileRef = C8D12FC078044A8197B1433E /* SystemConfiguration.framework */; };
		5C943C7368CF46DEBF4A327B /* QuartzCore.framework in Frameworks */ = {isa = PBXBuildFile; fileRef = CF222F59FB0340E4B21871A8 /* QuartzCore.framework */; };
		D61C613835244842B1E2320C /* CDVDevice.m in Sources */ = {isa = PBXBuildFile; fileRef = F22093BAB72042D9A0B5187D /* CDVDevice.m */; };
		AF5DBA783CD0438C97D73CBB /* CDVIonicKeyboard.m in Sources */ = {isa = PBXBuildFile; fileRef = 67D602D6ADAF4F5E84C3AE2B /* CDVIonicKeyboard.m */; };
		610C18795D76428993925F4A /* CDVWKWebViewEngine.m in Sources */ = {isa = PBXBuildFile; fileRef = 44FFCAB1FF794B3F90064008 /* CDVWKWebViewEngine.m */; };
		1152E00D5AEE44F98E1A90B5 /* CDVWKWebViewUIDelegate.m in Sources */ = {isa = PBXBuildFile; fileRef = A66BE5B31ED749CCBE8B2B0F /* CDVWKWebViewUIDelegate.m */; };
		EAF8265A1F704E56AD931CE9 /* CDVWKProcessPoolFactory.m in Sources */ = {isa = PBXBuildFile; fileRef = DDEB0B904ED646FA879D36DD /* CDVWKProcessPoolFactory.m */; };
		56B13A57906A477B92B17663 /* IONAssetHandler.m in Sources */ = {isa = PBXBuildFile; fileRef = EBEC4904E9154262A983C5D8 /* IONAssetHandler.m */; };
		B4D821FD587B4E3A98519E2E /* GCDWebServer.m in Sources */ = {isa = PBXBuildFile; fileRef = 5C1A452B79EE4F7285E0117F /* GCDWebServer.m */; };
		FA4D8A7CA79E439CBE8F119D /* GCDWebServerConnection.m in Sources */ = {isa = PBXBuildFile; fileRef = EF0C0E8557FB49E58E76924C /* GCDWebServerConnection.m */; };
		728D4079065B4DDAAE12E9F3 /* GCDWebServerFunctions.m in Sources */ = {isa = PBXBuildFile; fileRef = 0CB9A1A5286F4F0D9FD0A180 /* GCDWebServerFunctions.m */; };
		B5B4B608BFB54772A3A91DFE /* GCDWebServerRequest.m in Sources */ = {isa = PBXBuildFile; fileRef = 421B6C47F0204B208A4A6D99 /* GCDWebServerRequest.m */; };
		F442EDAC0E604B56B8C804B6 /* GCDWebServerResponse.m in Sources */ = {isa = PBXBuildFile; fileRef = 4F0546169A3C4D0993C3405B /* GCDWebServerResponse.m */; };
		ABDAAD5F702F4F45BB6A958E /* GCDWebServerDataRequest.m in Sources */ = {isa = PBXBuildFile; fileRef = 5FFFCFB3A4844A69B13D49A1 /* GCDWebServerDataRequest.m */; };
		C70F1BD3DF3F4521A7B45D37 /* GCDWebServerFileRequest.m in Sources */ = {isa = PBXBuildFile; fileRef = 3622ABB35F164CAEA29E3E8D /* GCDWebServerFileRequest.m */; };
		CF541195CBE84D97AF6B4B79 /* GCDWebServerMultiPartFormRequest.m in Sources */ = {isa = PBXBuildFile; fileRef = 207AE002E7C14D9E92F9633B /* GCDWebServerMultiPartFormRequest.m */; };
		52357F899D6D43A78356755B /* GCDWebServerURLEncodedFormRequest.m in Sources */ = {isa = PBXBuildFile; fileRef = 5E39D8A1C75C44D7822B7985 /* GCDWebServerURLEncodedFormRequest.m */; };
		74161B0810F947369C25AA71 /* GCDWebServerDataResponse.m in Sources */ = {isa = PBXBuildFile; fileRef = D990504D99144069A522BCE4 /* GCDWebServerDataResponse.m */; };
		9127716ECE8E4B1CA24C1129 /* GCDWebServerErrorResponse.m in Sources */ = {isa = PBXBuildFile; fileRef = 92334E981A704B50970FD9D2 /* GCDWebServerErrorResponse.m */; };
		483A9E7451F0453FA78490AD /* GCDWebServerFileResponse.m in Sources */ = {isa = PBXBuildFile; fileRef = ECB4442F83AC44E0833A02D2 /* GCDWebServerFileResponse.m */; };
		3DDF6D3CAFD54528AF8761E0 /* GCDWebServerStreamedResponse.m in Sources */ = {isa = PBXBuildFile; fileRef = FF23BE0199554C00AF755997 /* GCDWebServerStreamedResponse.m */; };
		6628B65F724F465DAFF0325F /* WebKit.framework in Frameworks */ = {isa = PBXBuildFile; fileRef = E6E47AF8D7F64FB0B64900FB /* WebKit.framework */; settings = {ATTRIBUTES = (Weak, ); }; };
		B728CFFA120E4BB68611BF31 /* libz.tbd in Frameworks */ = {isa = PBXBuildFile; fileRef = 10729682202C416EAF1FDD40 /* libz.tbd */; };
		E4B2824B6FFF469CA69D99C3 /* CDVSplashScreen.m in Sources */ = {isa = PBXBuildFile; fileRef = 270A6444C4214592AE51375F /* CDVSplashScreen.m */; };
		2F56F7989CA04B5C8C82E8CA /* CDVViewController+SplashScreen.m in Sources */ = {isa = PBXBuildFile; fileRef = 45DD4D8071CF41FAB52BF1AA /* CDVViewController+SplashScreen.m */; };
		C7ED2579762740B09405E23A /* CDVStatusBar.m in Sources */ = {isa = PBXBuildFile; fileRef = 6D544325B65C422480E82B68 /* CDVStatusBar.m */; };
/* End PBXBuildFile section */

/* Begin PBXContainerItemProxy section */
		301BF534109A57CC0062928A /* PBXContainerItemProxy */ = {
			isa = PBXContainerItemProxy;
			containerPortal = 301BF52D109A57CC0062928A /* CordovaLib.xcodeproj */;
			proxyType = 2;
			remoteGlobalIDString = D2AAC07E0554694100DB518D;
			remoteInfo = CordovaLib;
		};
		301BF550109A68C00062928A /* PBXContainerItemProxy */ = {
			isa = PBXContainerItemProxy;
			containerPortal = 301BF52D109A57CC0062928A /* CordovaLib.xcodeproj */;
			proxyType = 1;
			remoteGlobalIDString = D2AAC07D0554694100DB518D;
			remoteInfo = CordovaLib;
		};
/* End PBXContainerItemProxy section */

/* Begin PBXFileReference section */
		0207DA571B56EA530066E2B4 /* Images.xcassets */ = {isa = PBXFileReference; lastKnownFileType = folder.assetcatalog; name = Images.xcassets; path = "Ionic 4 Firebase App/Images.xcassets"; sourceTree = SOURCE_ROOT; };
		1D3623240D0F684500981E51 /* AppDelegate.h */ = {isa = PBXFileReference; fileEncoding = 4; lastKnownFileType = sourcecode.c.h; path = AppDelegate.h; sourceTree = "<group>"; };
		1D3623250D0F684500981E51 /* AppDelegate.m */ = {isa = PBXFileReference; fileEncoding = 4; lastKnownFileType = sourcecode.c.objc; path = AppDelegate.m; sourceTree = "<group>"; };
		1D6058910D05DD3D006BFB54 /* Ionic 4 Firebase App.app */ = {isa = PBXFileReference; explicitFileType = wrapper.application; includeInIndex = 0; path = "Ionic 4 Firebase App.app"; sourceTree = BUILT_PRODUCTS_DIR; };
		29B97316FDCFA39411CA2CEA /* main.m */ = {isa = PBXFileReference; fileEncoding = 4; lastKnownFileType = sourcecode.c.objc; path = main.m; sourceTree = "<group>"; };
		301BF52D109A57CC0062928A /* CordovaLib.xcodeproj */ = {isa = PBXFileReference; lastKnownFileType = "wrapper.pb-project"; path = CordovaLib/CordovaLib.xcodeproj; sourceTree = "<group>"; };
		301BF56E109A69640062928A /* www */ = {isa = PBXFileReference; lastKnownFileType = folder; path = www; sourceTree = SOURCE_ROOT; };
		302D95EE14D2391D003F00A1 /* MainViewController.h */ = {isa = PBXFileReference; fileEncoding = 4; lastKnownFileType = sourcecode.c.h; path = MainViewController.h; sourceTree = "<group>"; };
		302D95EF14D2391D003F00A1 /* MainViewController.m */ = {isa = PBXFileReference; fileEncoding = 4; lastKnownFileType = sourcecode.c.objc; path = MainViewController.m; sourceTree = "<group>"; };
		302D95F014D2391D003F00A1 /* MainViewController.xib */ = {isa = PBXFileReference; fileEncoding = 4; lastKnownFileType = file.xib; path = MainViewController.xib; sourceTree = "<group>"; };
		3047A50F1AB8059700498E2A /* build-debug.xcconfig */ = {isa = PBXFileReference; fileEncoding = 4; lastKnownFileType = text.xcconfig; name = "build-debug.xcconfig"; path = cordova/build-debug.xcconfig; sourceTree = SOURCE_ROOT; };
		3047A5101AB8059700498E2A /* build-release.xcconfig */ = {isa = PBXFileReference; fileEncoding = 4; lastKnownFileType = text.xcconfig; name = "build-release.xcconfig"; path = cordova/build-release.xcconfig; sourceTree = SOURCE_ROOT; };
		3047A5111AB8059700498E2A /* build.xcconfig */ = {isa = PBXFileReference; fileEncoding = 4; lastKnownFileType = text.xcconfig; name = build.xcconfig; path = cordova/build.xcconfig; sourceTree = SOURCE_ROOT; };
		32CA4F630368D1EE00C91783 /* Ionic 4 Firebase App-Prefix.pch */ = {isa = PBXFileReference; fileEncoding = 4; lastKnownFileType = sourcecode.c.h; path = "Ionic 4 Firebase App-Prefix.pch"; sourceTree = "<group>"; };
		6AFF5BF81D6E424B00AB3073 /* CDVLaunchScreen.storyboard */ = {isa = PBXFileReference; fileEncoding = 4; lastKnownFileType = file.storyboard; name = CDVLaunchScreen.storyboard; path = "Ionic 4 Firebase App/CDVLaunchScreen.storyboard"; sourceTree = SOURCE_ROOT; };
		8D1107310486CEB800E47090 /* Ionic 4 Firebase App-Info.plist */ = {isa = PBXFileReference; fileEncoding = 4; lastKnownFileType = text.plist.xml; name = "Ionic 4 Firebase App-Info.plist"; path = "Ionic 4 Firebase App/Ionic 4 Firebase App-Info.plist"; plistStructureDefinitionIdentifier = "com.apple.xcode.plist.structure-definition.iphone.info-plist"; sourceTree = SOURCE_ROOT; };
		EB87FDF31871DA8E0020F90C /* www */ = {isa = PBXFileReference; lastKnownFileType = folder; name = www; path = ../../www; sourceTree = "<group>"; };
		EB87FDF41871DAF40020F90C /* config.xml */ = {isa = PBXFileReference; lastKnownFileType = text.xml; name = config.xml; path = ../../config.xml; sourceTree = "<group>"; };
		F840E1F0165FE0F500CFE078 /* config.xml */ = {isa = PBXFileReference; lastKnownFileType = text.xml; name = config.xml; path = "Ionic 4 Firebase App/config.xml"; sourceTree = "<group>"; };
		ED33DF2A687741AEAF9F8254 /* Bridging-Header.h */ = {isa = PBXFileReference; fileEncoding = 4; lastKnownFileType = sourcecode.c.h; name = "Bridging-Header.h"; path = "Bridging-Header.h"; sourceTree = "<group>"; };
		360999DBC9034337900045A8 /* SOSPicker.m */ = {isa = PBXFileReference; name = "SOSPicker.m"; path = "cordova-plugin-telerik-imagepicker/SOSPicker.m"; sourceTree = "<group>"; fileEncoding = 4; lastKnownFileType = sourcecode.c.objc; explicitFileType = undefined; includeInIndex = 0; };
		722B025BF9A04365897EE14E /* UIImage+fixOrientation.m */ = {isa = PBXFileReference; name = "UIImage+fixOrientation.m"; path = "cordova-plugin-telerik-imagepicker/UIImage+fixOrientation.m"; sourceTree = "<group>"; fileEncoding = 4; lastKnownFileType = sourcecode.c.objc; explicitFileType = undefined; includeInIndex = 0; };
		23A2D8B580F9414BAD8F70C9 /* GMAlbumsViewCell.m */ = {isa = PBXFileReference; name = "GMAlbumsViewCell.m"; path = "cordova-plugin-telerik-imagepicker/GMAlbumsViewCell.m"; sourceTree = "<group>"; fileEncoding = 4; lastKnownFileType = sourcecode.c.objc; explicitFileType = undefined; includeInIndex = 0; };
		02493EC93AF643B88EE95393 /* GMAlbumsViewController.m */ = {isa = PBXFileReference; name = "GMAlbumsViewController.m"; path = "cordova-plugin-telerik-imagepicker/GMAlbumsViewController.m"; sourceTree = "<group>"; fileEncoding = 4; lastKnownFileType = sourcecode.c.objc; explicitFileType = undefined; includeInIndex = 0; };
		CB11D56CA9F2499683A39D9E /* GMFetchItem.m */ = {isa = PBXFileReference; name = "GMFetchItem.m"; path = "cordova-plugin-telerik-imagepicker/GMFetchItem.m"; sourceTree = "<group>"; fileEncoding = 4; lastKnownFileType = sourcecode.c.objc; explicitFileType = undefined; includeInIndex = 0; };
		5C0A968398184B9A80279D86 /* GMGridViewCell.m */ = {isa = PBXFileReference; name = "GMGridViewCell.m"; path = "cordova-plugin-telerik-imagepicker/GMGridViewCell.m"; sourceTree = "<group>"; fileEncoding = 4; lastKnownFileType = sourcecode.c.objc; explicitFileType = undefined; includeInIndex = 0; };
		48061EAC93FB4D1CAFA2594E /* GMGridViewController.m */ = {isa = PBXFileReference; name = "GMGridViewController.m"; path = "cordova-plugin-telerik-imagepicker/GMGridViewController.m"; sourceTree = "<group>"; fileEncoding = 4; lastKnownFileType = sourcecode.c.objc; explicitFileType = undefined; includeInIndex = 0; };
		BDC05654F63248A3820DE890 /* GMImagePickerController.m */ = {isa = PBXFileReference; name = "GMImagePickerController.m"; path = "cordova-plugin-telerik-imagepicker/GMImagePickerController.m"; sourceTree = "<group>"; fileEncoding = 4; lastKnownFileType = sourcecode.c.objc; explicitFileType = undefined; includeInIndex = 0; };
		16A2BC9F445244B9B2598BD3 /* PSYBlockTimer.m */ = {isa = PBXFileReference; name = "PSYBlockTimer.m"; path = "cordova-plugin-telerik-imagepicker/PSYBlockTimer.m"; sourceTree = "<group>"; fileEncoding = 4; lastKnownFileType = sourcecode.c.objc; explicitFileType = undefined; includeInIndex = 0; };
		81E9DAA055034D0FA95734F2 /* GMPHAsset.m */ = {isa = PBXFileReference; name = "GMPHAsset.m"; path = "cordova-plugin-telerik-imagepicker/GMPHAsset.m"; sourceTree = "<group>"; fileEncoding = 4; lastKnownFileType = sourcecode.c.objc; explicitFileType = undefined; includeInIndex = 0; };
		1703B2887A624840B84024BD /* SOSPicker.h */ = {isa = PBXFileReference; name = "SOSPicker.h"; path = "cordova-plugin-telerik-imagepicker/SOSPicker.h"; sourceTree = "<group>"; fileEncoding = 4; lastKnownFileType = sourcecode.c.h; explicitFileType = undefined; includeInIndex = 0; };
		054CF1B3A02D442CA822895E /* UIImage+fixOrientation.h */ = {isa = PBXFileReference; name = "UIImage+fixOrientation.h"; path = "cordova-plugin-telerik-imagepicker/UIImage+fixOrientation.h"; sourceTree = "<group>"; fileEncoding = 4; lastKnownFileType = sourcecode.c.h; explicitFileType = undefined; includeInIndex = 0; };
		5D682DF6215743B0A4F0EA8B /* GMAlbumsViewCell.h */ = {isa = PBXFileReference; name = "GMAlbumsViewCell.h"; path = "cordova-plugin-telerik-imagepicker/GMAlbumsViewCell.h"; sourceTree = "<group>"; fileEncoding = 4; lastKnownFileType = sourcecode.c.h; explicitFileType = undefined; includeInIndex = 0; };
		F82F0F59B48F46079C2F71BB /* GMAlbumsViewController.h */ = {isa = PBXFileReference; name = "GMAlbumsViewController.h"; path = "cordova-plugin-telerik-imagepicker/GMAlbumsViewController.h"; sourceTree = "<group>"; fileEncoding = 4; lastKnownFileType = sourcecode.c.h; explicitFileType = undefined; includeInIndex = 0; };
		598F090FAE1F4FF283F71ECA /* GMFetchItem.h */ = {isa = PBXFileReference; name = "GMFetchItem.h"; path = "cordova-plugin-telerik-imagepicker/GMFetchItem.h"; sourceTree = "<group>"; fileEncoding = 4; lastKnownFileType = sourcecode.c.h; explicitFileType = undefined; includeInIndex = 0; };
		E23B6B27C2624A9FAA938116 /* GMGridViewCell.h */ = {isa = PBXFileReference; name = "GMGridViewCell.h"; path = "cordova-plugin-telerik-imagepicker/GMGridViewCell.h"; sourceTree = "<group>"; fileEncoding = 4; lastKnownFileType = sourcecode.c.h; explicitFileType = undefined; includeInIndex = 0; };
		E4E0F323A13141A9B79D0D4C /* GMGridViewController.h */ = {isa = PBXFileReference; name = "GMGridViewController.h"; path = "cordova-plugin-telerik-imagepicker/GMGridViewController.h"; sourceTree = "<group>"; fileEncoding = 4; lastKnownFileType = sourcecode.c.h; explicitFileType = undefined; includeInIndex = 0; };
		3643C26BD6954E789BB945A2 /* GMImagePickerController.h */ = {isa = PBXFileReference; name = "GMImagePickerController.h"; path = "cordova-plugin-telerik-imagepicker/GMImagePickerController.h"; sourceTree = "<group>"; fileEncoding = 4; lastKnownFileType = sourcecode.c.h; explicitFileType = undefined; includeInIndex = 0; };
		1EE28EA10E1F4E2597F24E71 /* PSYBlockTimer.h */ = {isa = PBXFileReference; name = "PSYBlockTimer.h"; path = "cordova-plugin-telerik-imagepicker/PSYBlockTimer.h"; sourceTree = "<group>"; fileEncoding = 4; lastKnownFileType = sourcecode.c.h; explicitFileType = undefined; includeInIndex = 0; };
		1748FE2CB61242FCBDB726C1 /* GMPHAsset.h */ = {isa = PBXFileReference; name = "GMPHAsset.h"; path = "cordova-plugin-telerik-imagepicker/GMPHAsset.h"; sourceTree = "<group>"; fileEncoding = 4; lastKnownFileType = sourcecode.c.h; explicitFileType = undefined; includeInIndex = 0; };
		4A6191A2B56F4E9392B571FC /* GMEmptyFolder@1x.png */ = {isa = PBXFileReference; name = "GMEmptyFolder@1x.png"; path = "GMEmptyFolder@1x.png"; sourceTree = "<group>"; fileEncoding = undefined; lastKnownFileType = unknown; explicitFileType = undefined; includeInIndex = 0; };
		80535BC216274839A55B594F /* GMEmptyFolder@2x.png */ = {isa = PBXFileReference; name = "GMEmptyFolder@2x.png"; path = "GMEmptyFolder@2x.png"; sourceTree = "<group>"; fileEncoding = undefined; lastKnownFileType = unknown; explicitFileType = undefined; includeInIndex = 0; };
		5BDC805971AA4AABBD0996DF /* GMSelected.png */ = {isa = PBXFileReference; name = "GMSelected.png"; path = "GMSelected.png"; sourceTree = "<group>"; fileEncoding = undefined; lastKnownFileType = unknown; explicitFileType = undefined; includeInIndex = 0; };
		DEF038B235C047DF8DEAC07A /* GMSelected@2x.png */ = {isa = PBXFileReference; name = "GMSelected@2x.png"; path = "GMSelected@2x.png"; sourceTree = "<group>"; fileEncoding = undefined; lastKnownFileType = unknown; explicitFileType = undefined; includeInIndex = 0; };
		CF27F49C06E245B98DDC0BEA /* GMVideoIcon.png */ = {isa = PBXFileReference; name = "GMVideoIcon.png"; path = "GMVideoIcon.png"; sourceTree = "<group>"; fileEncoding = undefined; lastKnownFileType = unknown; explicitFileType = undefined; includeInIndex = 0; };
		6504B232EC7B449DAD3E2FB8 /* GMVideoIcon@2x.png */ = {isa = PBXFileReference; name = "GMVideoIcon@2x.png"; path = "GMVideoIcon@2x.png"; sourceTree = "<group>"; fileEncoding = undefined; lastKnownFileType = unknown; explicitFileType = undefined; includeInIndex = 0; };
		9A7553DBE6094514B0934A97 /* ca.lproj */ = {isa = PBXFileReference; name = "ca.lproj"; path = "ca.lproj"; sourceTree = "<group>"; fileEncoding = undefined; lastKnownFileType = unknown; explicitFileType = undefined; includeInIndex = 0; };
		FFA1A2189CBA44CBA7B5F2A8 /* de.lproj */ = {isa = PBXFileReference; name = "de.lproj"; path = "de.lproj"; sourceTree = "<group>"; fileEncoding = undefined; lastKnownFileType = unknown; explicitFileType = undefined; includeInIndex = 0; };
		51D0446DDD3643B6B73B2025 /* en.lproj */ = {isa = PBXFileReference; name = "en.lproj"; path = "en.lproj"; sourceTree = "<group>"; fileEncoding = undefined; lastKnownFileType = unknown; explicitFileType = undefined; includeInIndex = 0; };
		1DBE0BA2366047ECA9631FB7 /* es.lproj */ = {isa = PBXFileReference; name = "es.lproj"; path = "es.lproj"; sourceTree = "<group>"; fileEncoding = undefined; lastKnownFileType = unknown; explicitFileType = undefined; includeInIndex = 0; };
		E750D2BF443749DA8E6DB46E /* fr.lproj */ = {isa = PBXFileReference; name = "fr.lproj"; path = "fr.lproj"; sourceTree = "<group>"; fileEncoding = undefined; lastKnownFileType = unknown; explicitFileType = undefined; includeInIndex = 0; };
		1082AF7B6EC7441E91C5D18C /* it.lproj */ = {isa = PBXFileReference; name = "it.lproj"; path = "it.lproj"; sourceTree = "<group>"; fileEncoding = undefined; lastKnownFileType = unknown; explicitFileType = undefined; includeInIndex = 0; };
		C3867803746F4D7E8627851F /* pt.lproj */ = {isa = PBXFileReference; name = "pt.lproj"; path = "pt.lproj"; sourceTree = "<group>"; fileEncoding = undefined; lastKnownFileType = unknown; explicitFileType = undefined; includeInIndex = 0; };
		18370D3A035F4FC5B85C69DD /* pl.lproj */ = {isa = PBXFileReference; name = "pl.lproj"; path = "pl.lproj"; sourceTree = "<group>"; fileEncoding = undefined; lastKnownFileType = unknown; explicitFileType = undefined; includeInIndex = 0; };
		5819D08847C34B449B7EE27C /* zh-Hans.lproj */ = {isa = PBXFileReference; name = "zh-Hans.lproj"; path = "zh-Hans.lproj"; sourceTree = "<group>"; fileEncoding = undefined; lastKnownFileType = unknown; explicitFileType = undefined; includeInIndex = 0; };
		B7CB56C39B10473EB5AF7A3D /* Accelerate.framework */ = {isa = PBXFileReference; name = "Accelerate.framework"; path = "System/Library/Frameworks/Accelerate.framework"; sourceTree = SDKROOT; fileEncoding = undefined; lastKnownFileType = wrapper.framework; explicitFileType = undefined; includeInIndex = 0; };
		162D919790314C64B8AB57CC /* Security.framework */ = {isa = PBXFileReference; name = "Security.framework"; path = "System/Library/Frameworks/Security.framework"; sourceTree = SDKROOT; fileEncoding = undefined; lastKnownFileType = wrapper.framework; explicitFileType = undefined; includeInIndex = 0; };
		BB14FFDCDE4542C5AFAE65FB /* Photos.framework */ = {isa = PBXFileReference; name = "Photos.framework"; path = "System/Library/Frameworks/Photos.framework"; sourceTree = SDKROOT; fileEncoding = undefined; lastKnownFileType = wrapper.framework; explicitFileType = undefined; includeInIndex = 0; };
		C8D12FC078044A8197B1433E /* SystemConfiguration.framework */ = {isa = PBXFileReference; name = "SystemConfiguration.framework"; path = "System/Library/Frameworks/SystemConfiguration.framework"; sourceTree = SDKROOT; fileEncoding = undefined; lastKnownFileType = wrapper.framework; explicitFileType = undefined; includeInIndex = 0; };
		CF222F59FB0340E4B21871A8 /* QuartzCore.framework */ = {isa = PBXFileReference; name = "QuartzCore.framework"; path = "System/Library/Frameworks/QuartzCore.framework"; sourceTree = SDKROOT; fileEncoding = undefined; lastKnownFileType = wrapper.framework; explicitFileType = undefined; includeInIndex = 0; };
		F22093BAB72042D9A0B5187D /* CDVDevice.m */ = {isa = PBXFileReference; name = "CDVDevice.m"; path = "cordova-plugin-device/CDVDevice.m"; sourceTree = "<group>"; fileEncoding = 4; lastKnownFileType = sourcecode.c.objc; explicitFileType = undefined; includeInIndex = 0; };
		1D5F615C7016423EB917632A /* CDVDevice.h */ = {isa = PBXFileReference; name = "CDVDevice.h"; path = "cordova-plugin-device/CDVDevice.h"; sourceTree = "<group>"; fileEncoding = 4; lastKnownFileType = sourcecode.c.h; explicitFileType = undefined; includeInIndex = 0; };
		67D602D6ADAF4F5E84C3AE2B /* CDVIonicKeyboard.m */ = {isa = PBXFileReference; name = "CDVIonicKeyboard.m"; path = "cordova-plugin-ionic-keyboard/CDVIonicKeyboard.m"; sourceTree = "<group>"; fileEncoding = 4; lastKnownFileType = sourcecode.c.objc; explicitFileType = undefined; includeInIndex = 0; };
		5E5A8739E47C4DE6BEC1B60F /* CDVIonicKeyboard.h */ = {isa = PBXFileReference; name = "CDVIonicKeyboard.h"; path = "cordova-plugin-ionic-keyboard/CDVIonicKeyboard.h"; sourceTree = "<group>"; fileEncoding = 4; lastKnownFileType = sourcecode.c.h; explicitFileType = undefined; includeInIndex = 0; };
		44FFCAB1FF794B3F90064008 /* CDVWKWebViewEngine.m */ = {isa = PBXFileReference; name = "CDVWKWebViewEngine.m"; path = "cordova-plugin-ionic-webview/CDVWKWebViewEngine.m"; sourceTree = "<group>"; fileEncoding = 4; lastKnownFileType = sourcecode.c.objc; explicitFileType = undefined; includeInIndex = 0; };
		A66BE5B31ED749CCBE8B2B0F /* CDVWKWebViewUIDelegate.m */ = {isa = PBXFileReference; name = "CDVWKWebViewUIDelegate.m"; path = "cordova-plugin-ionic-webview/CDVWKWebViewUIDelegate.m"; sourceTree = "<group>"; fileEncoding = 4; lastKnownFileType = sourcecode.c.objc; explicitFileType = undefined; includeInIndex = 0; };
		DDEB0B904ED646FA879D36DD /* CDVWKProcessPoolFactory.m */ = {isa = PBXFileReference; name = "CDVWKProcessPoolFactory.m"; path = "cordova-plugin-ionic-webview/CDVWKProcessPoolFactory.m"; sourceTree = "<group>"; fileEncoding = 4; lastKnownFileType = sourcecode.c.objc; explicitFileType = undefined; includeInIndex = 0; };
		EBEC4904E9154262A983C5D8 /* IONAssetHandler.m */ = {isa = PBXFileReference; name = "IONAssetHandler.m"; path = "cordova-plugin-ionic-webview/IONAssetHandler.m"; sourceTree = "<group>"; fileEncoding = 4; lastKnownFileType = sourcecode.c.objc; explicitFileType = undefined; includeInIndex = 0; };
		5C1A452B79EE4F7285E0117F /* GCDWebServer.m */ = {isa = PBXFileReference; name = "GCDWebServer.m"; path = "cordova-plugin-ionic-webview/GCDWebServer.m"; sourceTree = "<group>"; fileEncoding = 4; lastKnownFileType = sourcecode.c.objc; explicitFileType = undefined; includeInIndex = 0; };
		EF0C0E8557FB49E58E76924C /* GCDWebServerConnection.m */ = {isa = PBXFileReference; name = "GCDWebServerConnection.m"; path = "cordova-plugin-ionic-webview/GCDWebServerConnection.m"; sourceTree = "<group>"; fileEncoding = 4; lastKnownFileType = sourcecode.c.objc; explicitFileType = undefined; includeInIndex = 0; };
		0CB9A1A5286F4F0D9FD0A180 /* GCDWebServerFunctions.m */ = {isa = PBXFileReference; name = "GCDWebServerFunctions.m"; path = "cordova-plugin-ionic-webview/GCDWebServerFunctions.m"; sourceTree = "<group>"; fileEncoding = 4; lastKnownFileType = sourcecode.c.objc; explicitFileType = undefined; includeInIndex = 0; };
		421B6C47F0204B208A4A6D99 /* GCDWebServerRequest.m */ = {isa = PBXFileReference; name = "GCDWebServerRequest.m"; path = "cordova-plugin-ionic-webview/GCDWebServerRequest.m"; sourceTree = "<group>"; fileEncoding = 4; lastKnownFileType = sourcecode.c.objc; explicitFileType = undefined; includeInIndex = 0; };
		4F0546169A3C4D0993C3405B /* GCDWebServerResponse.m */ = {isa = PBXFileReference; name = "GCDWebServerResponse.m"; path = "cordova-plugin-ionic-webview/GCDWebServerResponse.m"; sourceTree = "<group>"; fileEncoding = 4; lastKnownFileType = sourcecode.c.objc; explicitFileType = undefined; includeInIndex = 0; };
		5FFFCFB3A4844A69B13D49A1 /* GCDWebServerDataRequest.m */ = {isa = PBXFileReference; name = "GCDWebServerDataRequest.m"; path = "cordova-plugin-ionic-webview/GCDWebServerDataRequest.m"; sourceTree = "<group>"; fileEncoding = 4; lastKnownFileType = sourcecode.c.objc; explicitFileType = undefined; includeInIndex = 0; };
		3622ABB35F164CAEA29E3E8D /* GCDWebServerFileRequest.m */ = {isa = PBXFileReference; name = "GCDWebServerFileRequest.m"; path = "cordova-plugin-ionic-webview/GCDWebServerFileRequest.m"; sourceTree = "<group>"; fileEncoding = 4; lastKnownFileType = sourcecode.c.objc; explicitFileType = undefined; includeInIndex = 0; };
		207AE002E7C14D9E92F9633B /* GCDWebServerMultiPartFormRequest.m */ = {isa = PBXFileReference; name = "GCDWebServerMultiPartFormRequest.m"; path = "cordova-plugin-ionic-webview/GCDWebServerMultiPartFormRequest.m"; sourceTree = "<group>"; fileEncoding = 4; lastKnownFileType = sourcecode.c.objc; explicitFileType = undefined; includeInIndex = 0; };
		5E39D8A1C75C44D7822B7985 /* GCDWebServerURLEncodedFormRequest.m */ = {isa = PBXFileReference; name = "GCDWebServerURLEncodedFormRequest.m"; path = "cordova-plugin-ionic-webview/GCDWebServerURLEncodedFormRequest.m"; sourceTree = "<group>"; fileEncoding = 4; lastKnownFileType = sourcecode.c.objc; explicitFileType = undefined; includeInIndex = 0; };
		D990504D99144069A522BCE4 /* GCDWebServerDataResponse.m */ = {isa = PBXFileReference; name = "GCDWebServerDataResponse.m"; path = "cordova-plugin-ionic-webview/GCDWebServerDataResponse.m"; sourceTree = "<group>"; fileEncoding = 4; lastKnownFileType = sourcecode.c.objc; explicitFileType = undefined; includeInIndex = 0; };
		92334E981A704B50970FD9D2 /* GCDWebServerErrorResponse.m */ = {isa = PBXFileReference; name = "GCDWebServerErrorResponse.m"; path = "cordova-plugin-ionic-webview/GCDWebServerErrorResponse.m"; sourceTree = "<group>"; fileEncoding = 4; lastKnownFileType = sourcecode.c.objc; explicitFileType = undefined; includeInIndex = 0; };
		ECB4442F83AC44E0833A02D2 /* GCDWebServerFileResponse.m */ = {isa = PBXFileReference; name = "GCDWebServerFileResponse.m"; path = "cordova-plugin-ionic-webview/GCDWebServerFileResponse.m"; sourceTree = "<group>"; fileEncoding = 4; lastKnownFileType = sourcecode.c.objc; explicitFileType = undefined; includeInIndex = 0; };
		FF23BE0199554C00AF755997 /* GCDWebServerStreamedResponse.m */ = {isa = PBXFileReference; name = "GCDWebServerStreamedResponse.m"; path = "cordova-plugin-ionic-webview/GCDWebServerStreamedResponse.m"; sourceTree = "<group>"; fileEncoding = 4; lastKnownFileType = sourcecode.c.objc; explicitFileType = undefined; includeInIndex = 0; };
		7CFFDE01B8A446549CEE170A /* CDVWKWebViewEngine.h */ = {isa = PBXFileReference; name = "CDVWKWebViewEngine.h"; path = "cordova-plugin-ionic-webview/CDVWKWebViewEngine.h"; sourceTree = "<group>"; fileEncoding = 4; lastKnownFileType = sourcecode.c.h; explicitFileType = undefined; includeInIndex = 0; };
		BD950676597D471A81095D0E /* CDVWKWebViewUIDelegate.h */ = {isa = PBXFileReference; name = "CDVWKWebViewUIDelegate.h"; path = "cordova-plugin-ionic-webview/CDVWKWebViewUIDelegate.h"; sourceTree = "<group>"; fileEncoding = 4; lastKnownFileType = sourcecode.c.h; explicitFileType = undefined; includeInIndex = 0; };
		C2E235CF2F2A48F1BF40BBC5 /* CDVWKProcessPoolFactory.h */ = {isa = PBXFileReference; name = "CDVWKProcessPoolFactory.h"; path = "cordova-plugin-ionic-webview/CDVWKProcessPoolFactory.h"; sourceTree = "<group>"; fileEncoding = 4; lastKnownFileType = sourcecode.c.h; explicitFileType = undefined; includeInIndex = 0; };
		EFBAED6364454C57BD07B367 /* IONAssetHandler.h */ = {isa = PBXFileReference; name = "IONAssetHandler.h"; path = "cordova-plugin-ionic-webview/IONAssetHandler.h"; sourceTree = "<group>"; fileEncoding = 4; lastKnownFileType = sourcecode.c.h; explicitFileType = undefined; includeInIndex = 0; };
		0D70E403D655429EAFCDFC7B /* GCDWebServer.h */ = {isa = PBXFileReference; name = "GCDWebServer.h"; path = "cordova-plugin-ionic-webview/GCDWebServer.h"; sourceTree = "<group>"; fileEncoding = 4; lastKnownFileType = sourcecode.c.h; explicitFileType = undefined; includeInIndex = 0; };
		84666DFD83F44D1E92F9DD30 /* GCDWebServerConnection.h */ = {isa = PBXFileReference; name = "GCDWebServerConnection.h"; path = "cordova-plugin-ionic-webview/GCDWebServerConnection.h"; sourceTree = "<group>"; fileEncoding = 4; lastKnownFileType = sourcecode.c.h; explicitFileType = undefined; includeInIndex = 0; };
		BA7333ADC5C24F0787CD3E31 /* GCDWebServerFunctions.h */ = {isa = PBXFileReference; name = "GCDWebServerFunctions.h"; path = "cordova-plugin-ionic-webview/GCDWebServerFunctions.h"; sourceTree = "<group>"; fileEncoding = 4; lastKnownFileType = sourcecode.c.h; explicitFileType = undefined; includeInIndex = 0; };
		D9A5DD9CD817430A8AFEC518 /* GCDWebServerHTTPStatusCodes.h */ = {isa = PBXFileReference; name = "GCDWebServerHTTPStatusCodes.h"; path = "cordova-plugin-ionic-webview/GCDWebServerHTTPStatusCodes.h"; sourceTree = "<group>"; fileEncoding = 4; lastKnownFileType = sourcecode.c.h; explicitFileType = undefined; includeInIndex = 0; };
		B8D0C7DE7393495FA2E2B0E1 /* GCDWebServerPrivate.h */ = {isa = PBXFileReference; name = "GCDWebServerPrivate.h"; path = "cordova-plugin-ionic-webview/GCDWebServerPrivate.h"; sourceTree = "<group>"; fileEncoding = 4; lastKnownFileType = sourcecode.c.h; explicitFileType = undefined; includeInIndex = 0; };
		16AEE458FC5D4B7C9250A90A /* GCDWebServerRequest.h */ = {isa = PBXFileReference; name = "GCDWebServerRequest.h"; path = "cordova-plugin-ionic-webview/GCDWebServerRequest.h"; sourceTree = "<group>"; fileEncoding = 4; lastKnownFileType = sourcecode.c.h; explicitFileType = undefined; includeInIndex = 0; };
		BCC76D2DE88B4489B37D09C4 /* GCDWebServerResponse.h */ = {isa = PBXFileReference; name = "GCDWebServerResponse.h"; path = "cordova-plugin-ionic-webview/GCDWebServerResponse.h"; sourceTree = "<group>"; fileEncoding = 4; lastKnownFileType = sourcecode.c.h; explicitFileType = undefined; includeInIndex = 0; };
		0C26230088C842A995A89416 /* GCDWebServerDataRequest.h */ = {isa = PBXFileReference; name = "GCDWebServerDataRequest.h"; path = "cordova-plugin-ionic-webview/GCDWebServerDataRequest.h"; sourceTree = "<group>"; fileEncoding = 4; lastKnownFileType = sourcecode.c.h; explicitFileType = undefined; includeInIndex = 0; };
		827E2DA65E884DDDAB57603C /* GCDWebServerFileRequest.h */ = {isa = PBXFileReference; name = "GCDWebServerFileRequest.h"; path = "cordova-plugin-ionic-webview/GCDWebServerFileRequest.h"; sourceTree = "<group>"; fileEncoding = 4; lastKnownFileType = sourcecode.c.h; explicitFileType = undefined; includeInIndex = 0; };
		6B04D3F3C02A4D87942A5663 /* GCDWebServerMultiPartFormRequest.h */ = {isa = PBXFileReference; name = "GCDWebServerMultiPartFormRequest.h"; path = "cordova-plugin-ionic-webview/GCDWebServerMultiPartFormRequest.h"; sourceTree = "<group>"; fileEncoding = 4; lastKnownFileType = sourcecode.c.h; explicitFileType = undefined; includeInIndex = 0; };
		D4B2D008E9B94D869D395155 /* GCDWebServerURLEncodedFormRequest.h */ = {isa = PBXFileReference; name = "GCDWebServerURLEncodedFormRequest.h"; path = "cordova-plugin-ionic-webview/GCDWebServerURLEncodedFormRequest.h"; sourceTree = "<group>"; fileEncoding = 4; lastKnownFileType = sourcecode.c.h; explicitFileType = undefined; includeInIndex = 0; };
		BAAEADECFEC34113A71A49E6 /* GCDWebServerDataResponse.h */ = {isa = PBXFileReference; name = "GCDWebServerDataResponse.h"; path = "cordova-plugin-ionic-webview/GCDWebServerDataResponse.h"; sourceTree = "<group>"; fileEncoding = 4; lastKnownFileType = sourcecode.c.h; explicitFileType = undefined; includeInIndex = 0; };
		EB11CE0CD7F2482682D3D1D6 /* GCDWebServerErrorResponse.h */ = {isa = PBXFileReference; name = "GCDWebServerErrorResponse.h"; path = "cordova-plugin-ionic-webview/GCDWebServerErrorResponse.h"; sourceTree = "<group>"; fileEncoding = 4; lastKnownFileType = sourcecode.c.h; explicitFileType = undefined; includeInIndex = 0; };
		B9AFEE9B409E4F0F86D58C52 /* GCDWebServerFileResponse.h */ = {isa = PBXFileReference; name = "GCDWebServerFileResponse.h"; path = "cordova-plugin-ionic-webview/GCDWebServerFileResponse.h"; sourceTree = "<group>"; fileEncoding = 4; lastKnownFileType = sourcecode.c.h; explicitFileType = undefined; includeInIndex = 0; };
		59DB0FB8F3784F329AA5FDE6 /* GCDWebServerStreamedResponse.h */ = {isa = PBXFileReference; name = "GCDWebServerStreamedResponse.h"; path = "cordova-plugin-ionic-webview/GCDWebServerStreamedResponse.h"; sourceTree = "<group>"; fileEncoding = 4; lastKnownFileType = sourcecode.c.h; explicitFileType = undefined; includeInIndex = 0; };
		E6E47AF8D7F64FB0B64900FB /* WebKit.framework */ = {isa = PBXFileReference; name = "WebKit.framework"; path = "System/Library/Frameworks/WebKit.framework"; sourceTree = SDKROOT; fileEncoding = undefined; lastKnownFileType = wrapper.framework; explicitFileType = undefined; includeInIndex = 0; };
		10729682202C416EAF1FDD40 /* libz.tbd */ = {isa = PBXFileReference; name = "libz.tbd"; path = "usr/lib/libz.tbd"; sourceTree = SDKROOT; fileEncoding = undefined; lastKnownFileType = sourcecode.text-based-dylib-definition; explicitFileType = undefined; includeInIndex = 0; };
		270A6444C4214592AE51375F /* CDVSplashScreen.m */ = {isa = PBXFileReference; name = "CDVSplashScreen.m"; path = "cordova-plugin-splashscreen/CDVSplashScreen.m"; sourceTree = "<group>"; fileEncoding = 4; lastKnownFileType = sourcecode.c.objc; explicitFileType = undefined; includeInIndex = 0; };
		45DD4D8071CF41FAB52BF1AA /* CDVViewController+SplashScreen.m */ = {isa = PBXFileReference; name = "CDVViewController+SplashScreen.m"; path = "cordova-plugin-splashscreen/CDVViewController+SplashScreen.m"; sourceTree = "<group>"; fileEncoding = 4; lastKnownFileType = sourcecode.c.objc; explicitFileType = undefined; includeInIndex = 0; };
		25EDEF99949E48D3A60462B2 /* CDVSplashScreen.h */ = {isa = PBXFileReference; name = "CDVSplashScreen.h"; path = "cordova-plugin-splashscreen/CDVSplashScreen.h"; sourceTree = "<group>"; fileEncoding = 4; lastKnownFileType = sourcecode.c.h; explicitFileType = undefined; includeInIndex = 0; };
		3E8118AC75F146A28D0F5620 /* CDVViewController+SplashScreen.h */ = {isa = PBXFileReference; name = "CDVViewController+SplashScreen.h"; path = "cordova-plugin-splashscreen/CDVViewController+SplashScreen.h"; sourceTree = "<group>"; fileEncoding = 4; lastKnownFileType = sourcecode.c.h; explicitFileType = undefined; includeInIndex = 0; };
		6D544325B65C422480E82B68 /* CDVStatusBar.m */ = {isa = PBXFileReference; name = "CDVStatusBar.m"; path = "cordova-plugin-statusbar/CDVStatusBar.m"; sourceTree = "<group>"; fileEncoding = 4; lastKnownFileType = sourcecode.c.objc; explicitFileType = undefined; includeInIndex = 0; };
		38C28185C928497FA27AF810 /* CDVStatusBar.h */ = {isa = PBXFileReference; name = "CDVStatusBar.h"; path = "cordova-plugin-statusbar/CDVStatusBar.h"; sourceTree = "<group>"; fileEncoding = 4; lastKnownFileType = sourcecode.c.h; explicitFileType = undefined; includeInIndex = 0; };
/* End PBXFileReference section */

/* Begin PBXFrameworksBuildPhase section */
		1D60588F0D05DD3D006BFB54 /* Frameworks */ = {
			isa = PBXFrameworksBuildPhase;
			buildActionMask = 2147483647;
			files = (
				301BF552109A68D80062928A /* libCordova.a in Frameworks */,
				1A191443A8AA46808F7E7F01 /* Accelerate.framework in Frameworks */,
				268F26001FEA4B4385174BC8 /* Security.framework in Frameworks */,
				74719B209D464AE080513FB0 /* Photos.framework in Frameworks */,
				53A58B83207D43DC92F5C57B /* SystemConfiguration.framework in Frameworks */,
				5C943C7368CF46DEBF4A327B /* QuartzCore.framework in Frameworks */,
				6628B65F724F465DAFF0325F /* WebKit.framework in Frameworks */,
				B728CFFA120E4BB68611BF31 /* libz.tbd in Frameworks */,
			);
			runOnlyForDeploymentPostprocessing = 0;
		};
/* End PBXFrameworksBuildPhase section */

/* Begin PBXGroup section */
		080E96DDFE201D6D7F000001 /* Classes */ = {
			isa = PBXGroup;
			children = (
				302D95EE14D2391D003F00A1 /* MainViewController.h */,
				302D95EF14D2391D003F00A1 /* MainViewController.m */,
				302D95F014D2391D003F00A1 /* MainViewController.xib */,
				1D3623240D0F684500981E51 /* AppDelegate.h */,
				1D3623250D0F684500981E51 /* AppDelegate.m */,
			);
			name = Classes;
			path = "Ionic 4 Firebase App/Classes";
			sourceTree = SOURCE_ROOT;
		};
		19C28FACFE9D520D11CA2CBB /* Products */ = {
			isa = PBXGroup;
			children = (
				1D6058910D05DD3D006BFB54 /* Ionic 4 Firebase App.app */,
			);
			name = Products;
			sourceTree = "<group>";
		};
		29B97314FDCFA39411CA2CEA /* CustomTemplate */ = {
			isa = PBXGroup;
			children = (
				EB87FDF41871DAF40020F90C /* config.xml */,
				EB87FDF31871DA8E0020F90C /* www */,
				EB87FDF11871DA420020F90C /* Staging */,
				301BF52D109A57CC0062928A /* CordovaLib.xcodeproj */,
				080E96DDFE201D6D7F000001 /* Classes */,
				307C750510C5A3420062BCA9 /* Plugins */,
				29B97315FDCFA39411CA2CEA /* Other Sources */,
				29B97317FDCFA39411CA2CEA /* Resources */,
				29B97323FDCFA39411CA2CEA /* Frameworks */,
				19C28FACFE9D520D11CA2CBB /* Products */,
			);
			name = CustomTemplate;
			sourceTree = "<group>";
		};
		29B97315FDCFA39411CA2CEA /* Other Sources */ = {
			isa = PBXGroup;
			children = (
				32CA4F630368D1EE00C91783 /* Ionic 4 Firebase App-Prefix.pch */,
				29B97316FDCFA39411CA2CEA /* main.m */,
				ED33DF2A687741AEAF9F8254 /* Bridging-Header.h */,
			);
			name = "Other Sources";
			path = "Ionic 4 Firebase App";
			sourceTree = "<group>";
		};
		29B97317FDCFA39411CA2CEA /* Resources */ = {
			isa = PBXGroup;
			children = (
				0207DA571B56EA530066E2B4 /* Images.xcassets */,
				3047A50E1AB8057F00498E2A /* config */,
				8D1107310486CEB800E47090 /* Ionic 4 Firebase App-Info.plist */,
				6AFF5BF81D6E424B00AB3073 /* CDVLaunchScreen.storyboard */,
				4A6191A2B56F4E9392B571FC /* GMEmptyFolder@1x.png */,
				80535BC216274839A55B594F /* GMEmptyFolder@2x.png */,
				5BDC805971AA4AABBD0996DF /* GMSelected.png */,
				DEF038B235C047DF8DEAC07A /* GMSelected@2x.png */,
				CF27F49C06E245B98DDC0BEA /* GMVideoIcon.png */,
				6504B232EC7B449DAD3E2FB8 /* GMVideoIcon@2x.png */,
				9A7553DBE6094514B0934A97 /* ca.lproj */,
				FFA1A2189CBA44CBA7B5F2A8 /* de.lproj */,
				51D0446DDD3643B6B73B2025 /* en.lproj */,
				1DBE0BA2366047ECA9631FB7 /* es.lproj */,
				E750D2BF443749DA8E6DB46E /* fr.lproj */,
				1082AF7B6EC7441E91C5D18C /* it.lproj */,
				C3867803746F4D7E8627851F /* pt.lproj */,
				18370D3A035F4FC5B85C69DD /* pl.lproj */,
				5819D08847C34B449B7EE27C /* zh-Hans.lproj */,
			);
			name = Resources;
			path = "Ionic 4 Firebase App/Resources";
			sourceTree = "<group>";
		};
		29B97323FDCFA39411CA2CEA /* Frameworks */ = {
			isa = PBXGroup;
			children = (
				B7CB56C39B10473EB5AF7A3D /* Accelerate.framework */,
				162D919790314C64B8AB57CC /* Security.framework */,
				BB14FFDCDE4542C5AFAE65FB /* Photos.framework */,
				C8D12FC078044A8197B1433E /* SystemConfiguration.framework */,
				CF222F59FB0340E4B21871A8 /* QuartzCore.framework */,
				E6E47AF8D7F64FB0B64900FB /* WebKit.framework */,
				10729682202C416EAF1FDD40 /* libz.tbd */,
			);
			name = Frameworks;
			sourceTree = "<group>";
		};
		301BF52E109A57CC0062928A /* Products */ = {
			isa = PBXGroup;
			children = (
				301BF535109A57CC0062928A /* libCordova.a */,
			);
			name = Products;
			sourceTree = "<group>";
		};
		3047A50E1AB8057F00498E2A /* config */ = {
			isa = PBXGroup;
			children = (
				3047A50F1AB8059700498E2A /* build-debug.xcconfig */,
				3047A5101AB8059700498E2A /* build-release.xcconfig */,
				3047A5111AB8059700498E2A /* build.xcconfig */,
			);
			name = config;
			sourceTree = "<group>";
		};
		307C750510C5A3420062BCA9 /* Plugins */ = {
			isa = PBXGroup;
			children = (
				360999DBC9034337900045A8 /* SOSPicker.m */,
				722B025BF9A04365897EE14E /* UIImage+fixOrientation.m */,
				23A2D8B580F9414BAD8F70C9 /* GMAlbumsViewCell.m */,
				02493EC93AF643B88EE95393 /* GMAlbumsViewController.m */,
				CB11D56CA9F2499683A39D9E /* GMFetchItem.m */,
				5C0A968398184B9A80279D86 /* GMGridViewCell.m */,
				48061EAC93FB4D1CAFA2594E /* GMGridViewController.m */,
				BDC05654F63248A3820DE890 /* GMImagePickerController.m */,
				16A2BC9F445244B9B2598BD3 /* PSYBlockTimer.m */,
				81E9DAA055034D0FA95734F2 /* GMPHAsset.m */,
				1703B2887A624840B84024BD /* SOSPicker.h */,
				054CF1B3A02D442CA822895E /* UIImage+fixOrientation.h */,
				5D682DF6215743B0A4F0EA8B /* GMAlbumsViewCell.h */,
				F82F0F59B48F46079C2F71BB /* GMAlbumsViewController.h */,
				598F090FAE1F4FF283F71ECA /* GMFetchItem.h */,
				E23B6B27C2624A9FAA938116 /* GMGridViewCell.h */,
				E4E0F323A13141A9B79D0D4C /* GMGridViewController.h */,
				3643C26BD6954E789BB945A2 /* GMImagePickerController.h */,
				1EE28EA10E1F4E2597F24E71 /* PSYBlockTimer.h */,
				1748FE2CB61242FCBDB726C1 /* GMPHAsset.h */,
				F22093BAB72042D9A0B5187D /* CDVDevice.m */,
				1D5F615C7016423EB917632A /* CDVDevice.h */,
				67D602D6ADAF4F5E84C3AE2B /* CDVIonicKeyboard.m */,
				5E5A8739E47C4DE6BEC1B60F /* CDVIonicKeyboard.h */,
				44FFCAB1FF794B3F90064008 /* CDVWKWebViewEngine.m */,
				A66BE5B31ED749CCBE8B2B0F /* CDVWKWebViewUIDelegate.m */,
				DDEB0B904ED646FA879D36DD /* CDVWKProcessPoolFactory.m */,
				EBEC4904E9154262A983C5D8 /* IONAssetHandler.m */,
				5C1A452B79EE4F7285E0117F /* GCDWebServer.m */,
				EF0C0E8557FB49E58E76924C /* GCDWebServerConnection.m */,
				0CB9A1A5286F4F0D9FD0A180 /* GCDWebServerFunctions.m */,
				421B6C47F0204B208A4A6D99 /* GCDWebServerRequest.m */,
				4F0546169A3C4D0993C3405B /* GCDWebServerResponse.m */,
				5FFFCFB3A4844A69B13D49A1 /* GCDWebServerDataRequest.m */,
				3622ABB35F164CAEA29E3E8D /* GCDWebServerFileRequest.m */,
				207AE002E7C14D9E92F9633B /* GCDWebServerMultiPartFormRequest.m */,
				5E39D8A1C75C44D7822B7985 /* GCDWebServerURLEncodedFormRequest.m */,
				D990504D99144069A522BCE4 /* GCDWebServerDataResponse.m */,
				92334E981A704B50970FD9D2 /* GCDWebServerErrorResponse.m */,
				ECB4442F83AC44E0833A02D2 /* GCDWebServerFileResponse.m */,
				FF23BE0199554C00AF755997 /* GCDWebServerStreamedResponse.m */,
				7CFFDE01B8A446549CEE170A /* CDVWKWebViewEngine.h */,
				BD950676597D471A81095D0E /* CDVWKWebViewUIDelegate.h */,
				C2E235CF2F2A48F1BF40BBC5 /* CDVWKProcessPoolFactory.h */,
				EFBAED6364454C57BD07B367 /* IONAssetHandler.h */,
				0D70E403D655429EAFCDFC7B /* GCDWebServer.h */,
				84666DFD83F44D1E92F9DD30 /* GCDWebServerConnection.h */,
				BA7333ADC5C24F0787CD3E31 /* GCDWebServerFunctions.h */,
				D9A5DD9CD817430A8AFEC518 /* GCDWebServerHTTPStatusCodes.h */,
				B8D0C7DE7393495FA2E2B0E1 /* GCDWebServerPrivate.h */,
				16AEE458FC5D4B7C9250A90A /* GCDWebServerRequest.h */,
				BCC76D2DE88B4489B37D09C4 /* GCDWebServerResponse.h */,
				0C26230088C842A995A89416 /* GCDWebServerDataRequest.h */,
				827E2DA65E884DDDAB57603C /* GCDWebServerFileRequest.h */,
				6B04D3F3C02A4D87942A5663 /* GCDWebServerMultiPartFormRequest.h */,
				D4B2D008E9B94D869D395155 /* GCDWebServerURLEncodedFormRequest.h */,
				BAAEADECFEC34113A71A49E6 /* GCDWebServerDataResponse.h */,
				EB11CE0CD7F2482682D3D1D6 /* GCDWebServerErrorResponse.h */,
				B9AFEE9B409E4F0F86D58C52 /* GCDWebServerFileResponse.h */,
				59DB0FB8F3784F329AA5FDE6 /* GCDWebServerStreamedResponse.h */,
				270A6444C4214592AE51375F /* CDVSplashScreen.m */,
				45DD4D8071CF41FAB52BF1AA /* CDVViewController+SplashScreen.m */,
				25EDEF99949E48D3A60462B2 /* CDVSplashScreen.h */,
				3E8118AC75F146A28D0F5620 /* CDVViewController+SplashScreen.h */,
				6D544325B65C422480E82B68 /* CDVStatusBar.m */,
				38C28185C928497FA27AF810 /* CDVStatusBar.h */,
			);
			name = Plugins;
			path = "Ionic 4 Firebase App/Plugins";
			sourceTree = SOURCE_ROOT;
		};
		EB87FDF11871DA420020F90C /* Staging */ = {
			isa = PBXGroup;
			children = (
				F840E1F0165FE0F500CFE078 /* config.xml */,
				301BF56E109A69640062928A /* www */,
			);
			name = Staging;
			sourceTree = "<group>";
		};
/* End PBXGroup section */

/* Begin PBXNativeTarget section */
		1D6058900D05DD3D006BFB54 /* Ionic 4 Firebase App */ = {
			isa = PBXNativeTarget;
			buildConfigurationList = 1D6058960D05DD3E006BFB54 /* Build configuration list for PBXNativeTarget "Ionic 4 Firebase App" */;
			buildPhases = (
				304B58A110DAC018002A0835 /* Copy www directory */,
				1D60588D0D05DD3D006BFB54 /* Resources */,
				1D60588E0D05DD3D006BFB54 /* Sources */,
				1D60588F0D05DD3D006BFB54 /* Frameworks */,
			);
			buildRules = (
			);
			dependencies = (
				301BF551109A68C00062928A /* PBXTargetDependency */,
			);
			name = "Ionic 4 Firebase App";
			productName = "Ionic 4 Firebase App";
			productReference = 1D6058910D05DD3D006BFB54 /* Ionic 4 Firebase App.app */;
			productType = "com.apple.product-type.application";
		};
/* End PBXNativeTarget section */

/* Begin PBXProject section */
		29B97313FDCFA39411CA2CEA /* Project object */ = {
			isa = PBXProject;
			attributes = {
				LastUpgradeCheck = 510;
			};
			buildConfigurationList = C01FCF4E08A954540054247B /* Build configuration list for PBXProject "__NON-CLI__" */;
			compatibilityVersion = "Xcode 3.2";
			developmentRegion = English;
			hasScannedForEncodings = 1;
			mainGroup = 29B97314FDCFA39411CA2CEA /* CustomTemplate */;
			projectDirPath = "";
			projectReferences = (
				{
					ProductGroup = 301BF52E109A57CC0062928A /* Products */;
					ProjectRef = 301BF52D109A57CC0062928A /* CordovaLib.xcodeproj */;
				},
			);
			projectRoot = "";
			targets = (
				1D6058900D05DD3D006BFB54 /* Ionic 4 Firebase App */,
			);
		};
/* End PBXProject section */

/* Begin PBXReferenceProxy section */
		301BF535109A57CC0062928A /* libCordova.a */ = {
			isa = PBXReferenceProxy;
			fileType = archive.ar;
			path = libCordova.a;
			remoteRef = 301BF534109A57CC0062928A /* PBXContainerItemProxy */;
			sourceTree = BUILT_PRODUCTS_DIR;
		};
/* End PBXReferenceProxy section */

/* Begin PBXResourcesBuildPhase section */
		1D60588D0D05DD3D006BFB54 /* Resources */ = {
			isa = PBXResourcesBuildPhase;
			buildActionMask = 2147483647;
			files = (
				302D95F214D2391D003F00A1 /* MainViewController.xib in Resources */,
				0207DA581B56EA530066E2B4 /* Images.xcassets in Resources */,
				6AFF5BF91D6E424B00AB3073 /* CDVLaunchScreen.storyboard in Resources */,
				D40942AB74D84FBF91B54F3E /* GMEmptyFolder@1x.png in Resources */,
				71B1C42CD78F4F589BE7A3AA /* GMEmptyFolder@2x.png in Resources */,
				236C96B6DC694D499DC59F6C /* GMSelected.png in Resources */,
				E79207C6B86A4320B24BD0DE /* GMSelected@2x.png in Resources */,
				4B840347D659490A9C708E87 /* GMVideoIcon.png in Resources */,
				DF28C884D1294074854F24D0 /* GMVideoIcon@2x.png in Resources */,
				22612F173AD1485AA4412C14 /* ca.lproj in Resources */,
				263A0472B77E415EAD68BC04 /* de.lproj in Resources */,
				8B94210993A14434BDA6C9EC /* en.lproj in Resources */,
				4B329C50CCEC491B85B6A362 /* es.lproj in Resources */,
				404BA532D6B744ABAB1360BE /* fr.lproj in Resources */,
				F5C12A52D1C24F83BA8136FC /* it.lproj in Resources */,
				E2A479FCC4C54143A3A002A2 /* pt.lproj in Resources */,
				DD527D48749A4799987474EA /* pl.lproj in Resources */,
				8DAB264648C74CFBBD4EA29E /* zh-Hans.lproj in Resources */,
			);
			runOnlyForDeploymentPostprocessing = 0;
		};
/* End PBXResourcesBuildPhase section */

/* Begin PBXShellScriptBuildPhase section */
		304B58A110DAC018002A0835 /* Copy www directory */ = {
			isa = PBXShellScriptBuildPhase;
			buildActionMask = 2147483647;
			files = (
			);
			inputPaths = (
			);
			name = "Copy www directory";
			outputPaths = (
			);
			runOnlyForDeploymentPostprocessing = 0;
			shellPath = /bin/sh;
			shellScript = "NODEJS_PATH=/usr/local/bin; NVM_NODE_PATH=~/.nvm/versions/node/`nvm version 2>/dev/null`/bin; N_NODE_PATH=`find /usr/local/n/versions/node/* -maxdepth 0 -type d 2>/dev/null | tail -1`/bin; XCODE_NODE_PATH=`xcode-select --print-path`/usr/share/xcs/Node/bin; PATH=$NODEJS_PATH:$NVM_NODE_PATH:$N_NODE_PATH:$XCODE_NODE_PATH:$PATH && node cordova/lib/copy-www-build-step.js";
			showEnvVarsInLog = 0;
		};
/* End PBXShellScriptBuildPhase section */

/* Begin PBXSourcesBuildPhase section */
		1D60588E0D05DD3D006BFB54 /* Sources */ = {
			isa = PBXSourcesBuildPhase;
			buildActionMask = 2147483647;
			files = (
				1D60589B0D05DD56006BFB54 /* main.m in Sources */,
				1D3623260D0F684500981E51 /* AppDelegate.m in Sources */,
				302D95F114D2391D003F00A1 /* MainViewController.m in Sources */,
				4200534479E44D20825BCEDD /* SOSPicker.m in Sources */,
				0FF04C9109A844A09C56200C /* UIImage+fixOrientation.m in Sources */,
				7E445D1434134417A15E4127 /* GMAlbumsViewCell.m in Sources */,
				5C3CC552E4414DECBDFB6071 /* GMAlbumsViewController.m in Sources */,
				77841A0FDF5F43478A9580FF /* GMFetchItem.m in Sources */,
				D54A9F592D2C4A91892F1C18 /* GMGridViewCell.m in Sources */,
				DB3E2EF7145A4C2EAF247881 /* GMGridViewController.m in Sources */,
				6B29265AFAEF4C72930CF77D /* GMImagePickerController.m in Sources */,
				C90BEA92C47549FB854303C8 /* PSYBlockTimer.m in Sources */,
				BC1ADB2C65F847A1A7FD46AF /* GMPHAsset.m in Sources */,
				D61C613835244842B1E2320C /* CDVDevice.m in Sources */,
				AF5DBA783CD0438C97D73CBB /* CDVIonicKeyboard.m in Sources */,
				610C18795D76428993925F4A /* CDVWKWebViewEngine.m in Sources */,
				1152E00D5AEE44F98E1A90B5 /* CDVWKWebViewUIDelegate.m in Sources */,
				EAF8265A1F704E56AD931CE9 /* CDVWKProcessPoolFactory.m in Sources */,
				56B13A57906A477B92B17663 /* IONAssetHandler.m in Sources */,
				B4D821FD587B4E3A98519E2E /* GCDWebServer.m in Sources */,
				FA4D8A7CA79E439CBE8F119D /* GCDWebServerConnection.m in Sources */,
				728D4079065B4DDAAE12E9F3 /* GCDWebServerFunctions.m in Sources */,
				B5B4B608BFB54772A3A91DFE /* GCDWebServerRequest.m in Sources */,
				F442EDAC0E604B56B8C804B6 /* GCDWebServerResponse.m in Sources */,
				ABDAAD5F702F4F45BB6A958E /* GCDWebServerDataRequest.m in Sources */,
				C70F1BD3DF3F4521A7B45D37 /* GCDWebServerFileRequest.m in Sources */,
				CF541195CBE84D97AF6B4B79 /* GCDWebServerMultiPartFormRequest.m in Sources */,
				52357F899D6D43A78356755B /* GCDWebServerURLEncodedFormRequest.m in Sources */,
				74161B0810F947369C25AA71 /* GCDWebServerDataResponse.m in Sources */,
				9127716ECE8E4B1CA24C1129 /* GCDWebServerErrorResponse.m in Sources */,
				483A9E7451F0453FA78490AD /* GCDWebServerFileResponse.m in Sources */,
				3DDF6D3CAFD54528AF8761E0 /* GCDWebServerStreamedResponse.m in Sources */,
				E4B2824B6FFF469CA69D99C3 /* CDVSplashScreen.m in Sources */,
				2F56F7989CA04B5C8C82E8CA /* CDVViewController+SplashScreen.m in Sources */,
				C7ED2579762740B09405E23A /* CDVStatusBar.m in Sources */,
			);
			runOnlyForDeploymentPostprocessing = 0;
		};
/* End PBXSourcesBuildPhase section */

/* Begin PBXTargetDependency section */
		301BF551109A68C00062928A /* PBXTargetDependency */ = {
			isa = PBXTargetDependency;
			name = CordovaLib;
			targetProxy = 301BF550109A68C00062928A /* PBXContainerItemProxy */;
		};
/* End PBXTargetDependency section */

/* Begin XCBuildConfiguration section */
		1D6058940D05DD3E006BFB54 /* Debug */ = {
			isa = XCBuildConfiguration;
			baseConfigurationReference = 3047A50F1AB8059700498E2A /* build-debug.xcconfig */;
			buildSettings = {
				ALWAYS_SEARCH_USER_PATHS = NO;
				ASSETCATALOG_COMPILER_APPICON_NAME = AppIcon;
				ASSETCATALOG_COMPILER_LAUNCHIMAGE_NAME = LaunchImage;
				CLANG_ENABLE_MODULES = YES;
				CLANG_ENABLE_OBJC_ARC = YES;
				COPY_PHASE_STRIP = NO;
				GCC_DYNAMIC_NO_PIC = NO;
				GCC_OPTIMIZATION_LEVEL = 0;
				GCC_PRECOMPILE_PREFIX_HEADER = YES;
				GCC_PREFIX_HEADER = "Ionic 4 Firebase App/Ionic 4 Firebase App-Prefix.pch";
				GCC_THUMB_SUPPORT = NO;
				GCC_VERSION = "";
				INFOPLIST_FILE = "Ionic 4 Firebase App/Ionic 4 Firebase App-Info.plist";
				IPHONEOS_DEPLOYMENT_TARGET = 9.0;
				LD_RUNPATH_SEARCH_PATHS = "@executable_path/Frameworks";
				TARGETED_DEVICE_FAMILY = "1,2";
				PRODUCT_NAME = "Ionic 4 Firebase App";
			};
			name = Debug;
		};
		1D6058950D05DD3E006BFB54 /* Release */ = {
			isa = XCBuildConfiguration;
			baseConfigurationReference = 3047A5101AB8059700498E2A /* build-release.xcconfig */;
			buildSettings = {
				ALWAYS_SEARCH_USER_PATHS = NO;
				ASSETCATALOG_COMPILER_APPICON_NAME = AppIcon;
				ASSETCATALOG_COMPILER_LAUNCHIMAGE_NAME = LaunchImage;
				CLANG_ENABLE_MODULES = YES;
				CLANG_ENABLE_OBJC_ARC = YES;
				COPY_PHASE_STRIP = YES;
				GCC_PRECOMPILE_PREFIX_HEADER = YES;
				GCC_PREFIX_HEADER = "Ionic 4 Firebase App/Ionic 4 Firebase App-Prefix.pch";
				GCC_THUMB_SUPPORT = NO;
				GCC_VERSION = "";
				INFOPLIST_FILE = "Ionic 4 Firebase App/Ionic 4 Firebase App-Info.plist";
				IPHONEOS_DEPLOYMENT_TARGET = 9.0;
				LD_RUNPATH_SEARCH_PATHS = "@executable_path/Frameworks";
				TARGETED_DEVICE_FAMILY = "1,2";
				PRODUCT_NAME = "Ionic 4 Firebase App";
			};
			name = Release;
		};
		C01FCF4F08A954540054247B /* Debug */ = {
			isa = XCBuildConfiguration;
			baseConfigurationReference = 3047A5111AB8059700498E2A /* build.xcconfig */;
			buildSettings = {
				CLANG_ENABLE_MODULES = YES;
				CLANG_ENABLE_OBJC_ARC = YES;
				CLANG_WARN_BOOL_CONVERSION = YES;
				CLANG_WARN_CONSTANT_CONVERSION = YES;
				CLANG_WARN_EMPTY_BODY = YES;
				CLANG_WARN_ENUM_CONVERSION = YES;
				CLANG_WARN_INT_CONVERSION = YES;
				CLANG_WARN__DUPLICATE_METHOD_MATCH = YES;
				GCC_C_LANGUAGE_STANDARD = c99;
				GCC_THUMB_SUPPORT = NO;
				GCC_VERSION = "";
				GCC_WARN_ABOUT_RETURN_TYPE = YES;
				GCC_WARN_UNDECLARED_SELECTOR = YES;
				GCC_WARN_UNINITIALIZED_AUTOS = YES;
				GCC_WARN_UNUSED_FUNCTION = YES;
				GCC_WARN_UNUSED_VARIABLE = YES;
				ONLY_ACTIVE_ARCH = YES;
				SDKROOT = iphoneos;
				SKIP_INSTALL = NO;
			};
			name = Debug;
		};
		C01FCF5008A954540054247B /* Release */ = {
			isa = XCBuildConfiguration;
			baseConfigurationReference = 3047A5111AB8059700498E2A /* build.xcconfig */;
			buildSettings = {
				CLANG_ENABLE_MODULES = YES;
				CLANG_ENABLE_OBJC_ARC = YES;
				CLANG_WARN_BOOL_CONVERSION = YES;
				CLANG_WARN_CONSTANT_CONVERSION = YES;
				CLANG_WARN_EMPTY_BODY = YES;
				CLANG_WARN_ENUM_CONVERSION = YES;
				CLANG_WARN_INT_CONVERSION = YES;
				CLANG_WARN__DUPLICATE_METHOD_MATCH = YES;
				GCC_C_LANGUAGE_STANDARD = c99;
				GCC_THUMB_SUPPORT = NO;
				GCC_VERSION = "";
				GCC_WARN_ABOUT_RETURN_TYPE = YES;
				GCC_WARN_UNDECLARED_SELECTOR = YES;
				GCC_WARN_UNINITIALIZED_AUTOS = YES;
				GCC_WARN_UNUSED_FUNCTION = YES;
				GCC_WARN_UNUSED_VARIABLE = YES;
				SDKROOT = iphoneos;
				SKIP_INSTALL = NO;
			};
			name = Release;
		};
/* End XCBuildConfiguration section */

/* Begin XCConfigurationList section */
		1D6058960D05DD3E006BFB54 /* Build configuration list for PBXNativeTarget "Ionic 4 Firebase App" */ = {
			isa = XCConfigurationList;
			buildConfigurations = (
				1D6058940D05DD3E006BFB54 /* Debug */,
				1D6058950D05DD3E006BFB54 /* Release */,
			);
			defaultConfigurationIsVisible = 0;
			defaultConfigurationName = Release;
		};
		C01FCF4E08A954540054247B /* Build configuration list for PBXProject "__NON-CLI__" */ = {
			isa = XCConfigurationList;
			buildConfigurations = (
				C01FCF4F08A954540054247B /* Debug */,
				C01FCF5008A954540054247B /* Release */,
			);
			defaultConfigurationIsVisible = 0;
			defaultConfigurationName = Release;
		};
/* End XCConfigurationList section */
	};
	rootObject = 29B97313FDCFA39411CA2CEA /* Project object */;
}
